// !$*UTF8*$!
{
	archiveVersion = 1;
	classes = {
	};
	objectVersion = 55;
	objects = {

/* Begin PBXBuildFile section */
		0C067A272854EE6900B1C7CB /* Hide.swift in Sources */ = {isa = PBXBuildFile; fileRef = 0C067A262854EE6900B1C7CB /* Hide.swift */; };
		0C077FA6288E21790009805C /* BigButton.swift in Sources */ = {isa = PBXBuildFile; fileRef = 0C077FA5288E21790009805C /* BigButton.swift */; };
		0C0B7F6828689EB800B64C6F /* HistoryRow.swift in Sources */ = {isa = PBXBuildFile; fileRef = 0C0B7F6728689EB800B64C6F /* HistoryRow.swift */; };
		0C0B7F6F2868E41700B64C6F /* SwiftUIView.swift in Sources */ = {isa = PBXBuildFile; fileRef = 0C0B7F6E2868E41700B64C6F /* SwiftUIView.swift */; };
		0C0B7F7D286B725E00B64C6F /* Bookmarks.swift in Sources */ = {isa = PBXBuildFile; fileRef = 0C0B7F7C286B725E00B64C6F /* Bookmarks.swift */; };
		0C1428182856FACA00E57F0B /* About.swift in Sources */ = {isa = PBXBuildFile; fileRef = 0C1428172856FACA00E57F0B /* About.swift */; };
		0C14281A2857810400E57F0B /* buttonRow.swift in Sources */ = {isa = PBXBuildFile; fileRef = 0C1428192857810400E57F0B /* buttonRow.swift */; };
		0C14281F2859953B00E57F0B /* CacheManager.swift in Sources */ = {isa = PBXBuildFile; fileRef = 0C14281E2859953B00E57F0B /* CacheManager.swift */; };
		0C142822285BCA7900E57F0B /* Reader Menu.swift in Sources */ = {isa = PBXBuildFile; fileRef = 0C142821285BCA7900E57F0B /* Reader Menu.swift */; };
		0C142824285C1CE200E57F0B /* CustomTabPage.swift in Sources */ = {isa = PBXBuildFile; fileRef = 0C142823285C1CE200E57F0B /* CustomTabPage.swift */; };
		0C142827285C32C700E57F0B /* Ledger.xcdatamodeld in Sources */ = {isa = PBXBuildFile; fileRef = 0C142825285C32C600E57F0B /* Ledger.xcdatamodeld */; };
		0C14282D285D3D6600E57F0B /* MangaManager.swift in Sources */ = {isa = PBXBuildFile; fileRef = 0C14282C285D3D6600E57F0B /* MangaManager.swift */; };
		0C164A3A28660D7F00416B03 /* Lib+CoreDataClass.swift in Sources */ = {isa = PBXBuildFile; fileRef = 0C164A3828660D7F00416B03 /* Lib+CoreDataClass.swift */; };
		0C164A3B28660D7F00416B03 /* Lib+CoreDataProperties.swift in Sources */ = {isa = PBXBuildFile; fileRef = 0C164A3928660D7F00416B03 /* Lib+CoreDataProperties.swift */; };
		0C2D333E2852939400D1F72C /* AddView.swift in Sources */ = {isa = PBXBuildFile; fileRef = 0C2D333D2852939400D1F72C /* AddView.swift */; };
		0C2D33412852AB1500D1F72C /* CollectionObject.swift in Sources */ = {isa = PBXBuildFile; fileRef = 0C2D33402852AB1500D1F72C /* CollectionObject.swift */; };
		0C2D33452852C94700D1F72C /* listRow.swift in Sources */ = {isa = PBXBuildFile; fileRef = 0C2D33442852C94700D1F72C /* listRow.swift */; };
		0C2D334A2852D79C00D1F72C /* SlidingTabView.swift in Sources */ = {isa = PBXBuildFile; fileRef = 0C2D33492852D79C00D1F72C /* SlidingTabView.swift */; };
		0C2D334C2852EB7A00D1F72C /* Library.swift in Sources */ = {isa = PBXBuildFile; fileRef = 0C2D334B2852EB7A00D1F72C /* Library.swift */; };
		0C2D33512853BC9A00D1F72C /* MagnificationGesture.swift in Sources */ = {isa = PBXBuildFile; fileRef = 0C2D33502853BC9A00D1F72C /* MagnificationGesture.swift */; };
		0C2D33532853D9A700D1F72C /* Photo.swift in Sources */ = {isa = PBXBuildFile; fileRef = 0C2D33522853D9A700D1F72C /* Photo.swift */; };
		0C2D33572854123800D1F72C /* Color Theme.swift in Sources */ = {isa = PBXBuildFile; fileRef = 0C2D33562854123800D1F72C /* Color Theme.swift */; };
		0C30D9AA2883C193005EEF86 /* KF Image.swift in Sources */ = {isa = PBXBuildFile; fileRef = 0C30D9A92883C193005EEF86 /* KF Image.swift */; };
		0C30D9AE28870378005EEF86 /* WebReader.swift in Sources */ = {isa = PBXBuildFile; fileRef = 0C30D9AD28870378005EEF86 /* WebReader.swift */; };
		0C37F94D289867130034EE2F /* History+CoreDataClass.swift in Sources */ = {isa = PBXBuildFile; fileRef = 0C37F94B289867130034EE2F /* History+CoreDataClass.swift */; };
		0C37F94E289867130034EE2F /* History+CoreDataProperties.swift in Sources */ = {isa = PBXBuildFile; fileRef = 0C37F94C289867130034EE2F /* History+CoreDataProperties.swift */; };
		0C37F95C289ABD7F0034EE2F /* BackupModel.swift in Sources */ = {isa = PBXBuildFile; fileRef = 0C37F95B289ABD7E0034EE2F /* BackupModel.swift */; };
		0C37F95F289AD4B90034EE2F /* Backup+CoreDataClass.swift in Sources */ = {isa = PBXBuildFile; fileRef = 0C37F95D289AD4B80034EE2F /* Backup+CoreDataClass.swift */; };
		0C37F960289AD4B90034EE2F /* Backup+CoreDataProperties.swift in Sources */ = {isa = PBXBuildFile; fileRef = 0C37F95E289AD4B80034EE2F /* Backup+CoreDataProperties.swift */; };
		0C37F973289B629A0034EE2F /* Artist+CoreDataClass.swift in Sources */ = {isa = PBXBuildFile; fileRef = 0C37F96D289B629A0034EE2F /* Artist+CoreDataClass.swift */; };
		0C37F974289B629A0034EE2F /* Artist+CoreDataProperties.swift in Sources */ = {isa = PBXBuildFile; fileRef = 0C37F96E289B629A0034EE2F /* Artist+CoreDataProperties.swift */; };
		0C37F975289B629A0034EE2F /* Tag+CoreDataClass.swift in Sources */ = {isa = PBXBuildFile; fileRef = 0C37F96F289B629A0034EE2F /* Tag+CoreDataClass.swift */; };
		0C37F976289B629A0034EE2F /* Tag+CoreDataProperties.swift in Sources */ = {isa = PBXBuildFile; fileRef = 0C37F970289B629A0034EE2F /* Tag+CoreDataProperties.swift */; };
		0C37F977289B629A0034EE2F /* Author+CoreDataClass.swift in Sources */ = {isa = PBXBuildFile; fileRef = 0C37F971289B629A0034EE2F /* Author+CoreDataClass.swift */; };
		0C37F978289B629A0034EE2F /* Author+CoreDataProperties.swift in Sources */ = {isa = PBXBuildFile; fileRef = 0C37F972289B629A0034EE2F /* Author+CoreDataProperties.swift */; };
		0C37F97A289BF2D90034EE2F /* FB.swift in Sources */ = {isa = PBXBuildFile; fileRef = 0C37F979289BF2D80034EE2F /* FB.swift */; };
		0C56D90B284874FD0056CF8F /* Library Toggle.swift in Sources */ = {isa = PBXBuildFile; fileRef = 0C56D90A284874FD0056CF8F /* Library Toggle.swift */; };
		0C56D90E28487F060056CF8F /* History.swift in Sources */ = {isa = PBXBuildFile; fileRef = 0C56D90D28487F060056CF8F /* History.swift */; };
		0C6685FC285FBF0600A61508 /* ChapterManager.swift in Sources */ = {isa = PBXBuildFile; fileRef = 0C6685FB285FBF0600A61508 /* ChapterManager.swift */; };
		0C74DA1F28612BCF007B8509 /* CRUDManager.swift in Sources */ = {isa = PBXBuildFile; fileRef = 0C74DA1E28612BCF007B8509 /* CRUDManager.swift */; };
		0C74DA222862157E007B8509 /* ChapterRow.swift in Sources */ = {isa = PBXBuildFile; fileRef = 0C74DA212862157E007B8509 /* ChapterRow.swift */; };
		0C8BEC342845B2CC005B9A97 /* LEDGERºApp.swift in Sources */ = {isa = PBXBuildFile; fileRef = 0C8BEC332845B2CC005B9A97 /* LEDGERºApp.swift */; };
		0C8BEC382845B2CE005B9A97 /* Assets.xcassets in Resources */ = {isa = PBXBuildFile; fileRef = 0C8BEC372845B2CE005B9A97 /* Assets.xcassets */; };
		0C8BEC3B2845B2CE005B9A97 /* Preview Assets.xcassets in Resources */ = {isa = PBXBuildFile; fileRef = 0C8BEC3A2845B2CE005B9A97 /* Preview Assets.xcassets */; };
		0C8BEC4A2845B64C005B9A97 /* ChapterModel.swift in Sources */ = {isa = PBXBuildFile; fileRef = 0C8BEC442845B64C005B9A97 /* ChapterModel.swift */; };
		0C8BEC4D2845B64C005B9A97 /* MangaModel.swift in Sources */ = {isa = PBXBuildFile; fileRef = 0C8BEC472845B64C005B9A97 /* MangaModel.swift */; };
		0C8BEC4E2845B64C005B9A97 /* PageModel.swift in Sources */ = {isa = PBXBuildFile; fileRef = 0C8BEC482845B64C005B9A97 /* PageModel.swift */; };
		0C8BEC512845B6C4005B9A97 /* CollectionResponse.swift in Sources */ = {isa = PBXBuildFile; fileRef = 0C8BEC502845B6C4005B9A97 /* CollectionResponse.swift */; };
		0C8BEC572845B6DE005B9A97 /* Browse.swift in Sources */ = {isa = PBXBuildFile; fileRef = 0C8BEC522845B6DE005B9A97 /* Browse.swift */; };
		0C8BEC582845B6DE005B9A97 /* Image Loader.swift in Sources */ = {isa = PBXBuildFile; fileRef = 0C8BEC532845B6DE005B9A97 /* Image Loader.swift */; };
		0C8BEC592845B6DE005B9A97 /* Reader.swift in Sources */ = {isa = PBXBuildFile; fileRef = 0C8BEC542845B6DE005B9A97 /* Reader.swift */; };
		0C8BEC5A2845B6DE005B9A97 /* Profile.swift in Sources */ = {isa = PBXBuildFile; fileRef = 0C8BEC552845B6DE005B9A97 /* Profile.swift */; };
		0C8BEC5B2845B6DE005B9A97 /* Image View.swift in Sources */ = {isa = PBXBuildFile; fileRef = 0C8BEC562845B6DE005B9A97 /* Image View.swift */; };
		0C8BEC5D28469118005B9A97 /* Tab Bar.swift in Sources */ = {isa = PBXBuildFile; fileRef = 0C8BEC5C28469118005B9A97 /* Tab Bar.swift */; };
		0C8BEC5F28469BD6005B9A97 /* CustomTabView.swift in Sources */ = {isa = PBXBuildFile; fileRef = 0C8BEC5E28469BD5005B9A97 /* CustomTabView.swift */; };
		0C8BEC612846EBAF005B9A97 /* WW.swift in Sources */ = {isa = PBXBuildFile; fileRef = 0C8BEC602846EBAF005B9A97 /* WW.swift */; };
		0C8BEC632847DF77005B9A97 /* Tag View.swift in Sources */ = {isa = PBXBuildFile; fileRef = 0C8BEC622847DF76005B9A97 /* Tag View.swift */; };
		0C8BEC662847E69F005B9A97 /* Description View.swift in Sources */ = {isa = PBXBuildFile; fileRef = 0C8BEC652847E69F005B9A97 /* Description View.swift */; };
		0C8BEC682847EB04005B9A97 /* Button View.swift in Sources */ = {isa = PBXBuildFile; fileRef = 0C8BEC672847EB04005B9A97 /* Button View.swift */; };
		0C8BEC6A2847EC6C005B9A97 /* ChapterList View.swift in Sources */ = {isa = PBXBuildFile; fileRef = 0C8BEC692847EC6C005B9A97 /* ChapterList View.swift */; };
		0C8BEC6C2847EF60005B9A97 /* Info View.swift in Sources */ = {isa = PBXBuildFile; fileRef = 0C8BEC6B2847EF60005B9A97 /* Info View.swift */; };
		0C91601B284AA8A300B9A7D2 /* Search.swift in Sources */ = {isa = PBXBuildFile; fileRef = 0C91601A284AA8A300B9A7D2 /* Search.swift */; };
		0C9A019F28564412009AC0F6 /* Settings.swift in Sources */ = {isa = PBXBuildFile; fileRef = 0C9A019E28564412009AC0F6 /* Settings.swift */; };
		0C9A9839284ACB9B00C6EB18 /* ViewController.swift in Sources */ = {isa = PBXBuildFile; fileRef = 0C9A9838284ACB9B00C6EB18 /* ViewController.swift */; };
		0C9A983B284AD35A00C6EB18 /* View.xib in Resources */ = {isa = PBXBuildFile; fileRef = 0C9A983A284AD35A00C6EB18 /* View.xib */; };
		0C9A9840284BB04000C6EB18 /* viewMore.swift in Sources */ = {isa = PBXBuildFile; fileRef = 0C9A983F284BB04000C6EB18 /* viewMore.swift */; };
		0C9A9859284C27D400C6EB18 /* CollectionModel.swift in Sources */ = {isa = PBXBuildFile; fileRef = 0C9A9858284C27D400C6EB18 /* CollectionModel.swift */; };
		0C9A985B284C280200C6EB18 /* JsonModel.swift in Sources */ = {isa = PBXBuildFile; fileRef = 0C9A985A284C280200C6EB18 /* JsonModel.swift */; };
		0C9A985F284D681700C6EB18 /* Real.swift in Sources */ = {isa = PBXBuildFile; fileRef = 0C9A985E284D681700C6EB18 /* Real.swift */; };
		0C9A9863284DAC7000C6EB18 /* ReaderNavBar.swift in Sources */ = {isa = PBXBuildFile; fileRef = 0C9A9862284DAC6F00C6EB18 /* ReaderNavBar.swift */; };
		0C9A9865284FF40000C6EB18 /* searchList.swift in Sources */ = {isa = PBXBuildFile; fileRef = 0C9A9864284FF40000C6EB18 /* searchList.swift */; };
		0CC8100F288E2CBB00895EB2 /* SwiftUIPager in Frameworks */ = {isa = PBXBuildFile; productRef = 0CC8100E288E2CBB00895EB2 /* SwiftUIPager */; };
		0CC81016288E2EB300895EB2 /* Kingfisher in Frameworks */ = {isa = PBXBuildFile; productRef = 0CC81015288E2EB300895EB2 /* Kingfisher */; };
		0CC81019288F44D300895EB2 /* Chapter+CoreDataClass.swift in Sources */ = {isa = PBXBuildFile; fileRef = 0CC81017288F44D300895EB2 /* Chapter+CoreDataClass.swift */; };
		0CC8101A288F44D300895EB2 /* Chapter+CoreDataProperties.swift in Sources */ = {isa = PBXBuildFile; fileRef = 0CC81018288F44D300895EB2 /* Chapter+CoreDataProperties.swift */; };
		0CD6D51E287F388200930F93 /* viewData.swift in Sources */ = {isa = PBXBuildFile; fileRef = 0CD6D51D287F388200930F93 /* viewData.swift */; };
		0CD6D539288098AB00930F93 /* Manga+CoreDataClass.swift in Sources */ = {isa = PBXBuildFile; fileRef = 0CD6D537288098AB00930F93 /* Manga+CoreDataClass.swift */; };
		0CD6D53A288098AB00930F93 /* Manga+CoreDataProperties.swift in Sources */ = {isa = PBXBuildFile; fileRef = 0CD6D538288098AB00930F93 /* Manga+CoreDataProperties.swift */; };
/* End PBXBuildFile section */

/* Begin PBXFileReference section */
		0C067A262854EE6900B1C7CB /* Hide.swift */ = {isa = PBXFileReference; lastKnownFileType = sourcecode.swift; path = Hide.swift; sourceTree = "<group>"; };
		0C077FA5288E21790009805C /* BigButton.swift */ = {isa = PBXFileReference; lastKnownFileType = sourcecode.swift; path = BigButton.swift; sourceTree = "<group>"; };
		0C0B7F6728689EB800B64C6F /* HistoryRow.swift */ = {isa = PBXFileReference; lastKnownFileType = sourcecode.swift; path = HistoryRow.swift; sourceTree = "<group>"; };
		0C0B7F6E2868E41700B64C6F /* SwiftUIView.swift */ = {isa = PBXFileReference; lastKnownFileType = sourcecode.swift; path = SwiftUIView.swift; sourceTree = "<group>"; };
		0C0B7F7C286B725E00B64C6F /* Bookmarks.swift */ = {isa = PBXFileReference; lastKnownFileType = sourcecode.swift; path = Bookmarks.swift; sourceTree = "<group>"; };
		0C1428172856FACA00E57F0B /* About.swift */ = {isa = PBXFileReference; lastKnownFileType = sourcecode.swift; path = About.swift; sourceTree = "<group>"; };
		0C1428192857810400E57F0B /* buttonRow.swift */ = {isa = PBXFileReference; lastKnownFileType = sourcecode.swift; path = buttonRow.swift; sourceTree = "<group>"; };
		0C14281E2859953B00E57F0B /* CacheManager.swift */ = {isa = PBXFileReference; lastKnownFileType = sourcecode.swift; path = CacheManager.swift; sourceTree = "<group>"; };
		0C142821285BCA7900E57F0B /* Reader Menu.swift */ = {isa = PBXFileReference; lastKnownFileType = sourcecode.swift; path = "Reader Menu.swift"; sourceTree = "<group>"; };
		0C142823285C1CE200E57F0B /* CustomTabPage.swift */ = {isa = PBXFileReference; lastKnownFileType = sourcecode.swift; path = CustomTabPage.swift; sourceTree = "<group>"; };
		0C142826285C32C700E57F0B /* Manga.xcdatamodel */ = {isa = PBXFileReference; lastKnownFileType = wrapper.xcdatamodel; path = Manga.xcdatamodel; sourceTree = "<group>"; };
		0C14282C285D3D6600E57F0B /* MangaManager.swift */ = {isa = PBXFileReference; lastKnownFileType = sourcecode.swift; path = MangaManager.swift; sourceTree = "<group>"; };
		0C164A1B28654E5400416B03 /* Manga 2.xcdatamodel */ = {isa = PBXFileReference; lastKnownFileType = wrapper.xcdatamodel; path = "Manga 2.xcdatamodel"; sourceTree = "<group>"; };
		0C164A3828660D7F00416B03 /* Lib+CoreDataClass.swift */ = {isa = PBXFileReference; lastKnownFileType = sourcecode.swift; path = "Lib+CoreDataClass.swift"; sourceTree = "<group>"; };
		0C164A3928660D7F00416B03 /* Lib+CoreDataProperties.swift */ = {isa = PBXFileReference; lastKnownFileType = sourcecode.swift; path = "Lib+CoreDataProperties.swift"; sourceTree = "<group>"; };
		0C2D333D2852939400D1F72C /* AddView.swift */ = {isa = PBXFileReference; lastKnownFileType = sourcecode.swift; path = AddView.swift; sourceTree = "<group>"; };
		0C2D33402852AB1500D1F72C /* CollectionObject.swift */ = {isa = PBXFileReference; lastKnownFileType = sourcecode.swift; path = CollectionObject.swift; sourceTree = "<group>"; };
		0C2D33442852C94700D1F72C /* listRow.swift */ = {isa = PBXFileReference; lastKnownFileType = sourcecode.swift; path = listRow.swift; sourceTree = "<group>"; };
		0C2D33492852D79C00D1F72C /* SlidingTabView.swift */ = {isa = PBXFileReference; lastKnownFileType = sourcecode.swift; path = SlidingTabView.swift; sourceTree = "<group>"; };
		0C2D334B2852EB7A00D1F72C /* Library.swift */ = {isa = PBXFileReference; lastKnownFileType = sourcecode.swift; path = Library.swift; sourceTree = "<group>"; };
		0C2D33502853BC9A00D1F72C /* MagnificationGesture.swift */ = {isa = PBXFileReference; lastKnownFileType = sourcecode.swift; path = MagnificationGesture.swift; sourceTree = "<group>"; };
		0C2D33522853D9A700D1F72C /* Photo.swift */ = {isa = PBXFileReference; lastKnownFileType = sourcecode.swift; path = Photo.swift; sourceTree = "<group>"; };
		0C2D33562854123800D1F72C /* Color Theme.swift */ = {isa = PBXFileReference; lastKnownFileType = sourcecode.swift; path = "Color Theme.swift"; sourceTree = "<group>"; };
		0C30D9A92883C193005EEF86 /* KF Image.swift */ = {isa = PBXFileReference; lastKnownFileType = sourcecode.swift; path = "KF Image.swift"; sourceTree = "<group>"; };
		0C30D9AD28870378005EEF86 /* WebReader.swift */ = {isa = PBXFileReference; lastKnownFileType = sourcecode.swift; path = WebReader.swift; sourceTree = "<group>"; };
		0C37F94B289867130034EE2F /* History+CoreDataClass.swift */ = {isa = PBXFileReference; lastKnownFileType = sourcecode.swift; path = "History+CoreDataClass.swift"; sourceTree = "<group>"; };
		0C37F94C289867130034EE2F /* History+CoreDataProperties.swift */ = {isa = PBXFileReference; lastKnownFileType = sourcecode.swift; path = "History+CoreDataProperties.swift"; sourceTree = "<group>"; };
		0C37F95B289ABD7E0034EE2F /* BackupModel.swift */ = {isa = PBXFileReference; lastKnownFileType = sourcecode.swift; path = BackupModel.swift; sourceTree = "<group>"; };
		0C37F95D289AD4B80034EE2F /* Backup+CoreDataClass.swift */ = {isa = PBXFileReference; lastKnownFileType = sourcecode.swift; path = "Backup+CoreDataClass.swift"; sourceTree = "<group>"; };
		0C37F95E289AD4B80034EE2F /* Backup+CoreDataProperties.swift */ = {isa = PBXFileReference; lastKnownFileType = sourcecode.swift; path = "Backup+CoreDataProperties.swift"; sourceTree = "<group>"; };
		0C37F96D289B629A0034EE2F /* Artist+CoreDataClass.swift */ = {isa = PBXFileReference; lastKnownFileType = sourcecode.swift; path = "Artist+CoreDataClass.swift"; sourceTree = "<group>"; };
		0C37F96E289B629A0034EE2F /* Artist+CoreDataProperties.swift */ = {isa = PBXFileReference; lastKnownFileType = sourcecode.swift; path = "Artist+CoreDataProperties.swift"; sourceTree = "<group>"; };
		0C37F96F289B629A0034EE2F /* Tag+CoreDataClass.swift */ = {isa = PBXFileReference; lastKnownFileType = sourcecode.swift; path = "Tag+CoreDataClass.swift"; sourceTree = "<group>"; };
		0C37F970289B629A0034EE2F /* Tag+CoreDataProperties.swift */ = {isa = PBXFileReference; lastKnownFileType = sourcecode.swift; path = "Tag+CoreDataProperties.swift"; sourceTree = "<group>"; };
		0C37F971289B629A0034EE2F /* Author+CoreDataClass.swift */ = {isa = PBXFileReference; lastKnownFileType = sourcecode.swift; path = "Author+CoreDataClass.swift"; sourceTree = "<group>"; };
		0C37F972289B629A0034EE2F /* Author+CoreDataProperties.swift */ = {isa = PBXFileReference; lastKnownFileType = sourcecode.swift; path = "Author+CoreDataProperties.swift"; sourceTree = "<group>"; };
		0C37F979289BF2D80034EE2F /* FB.swift */ = {isa = PBXFileReference; lastKnownFileType = sourcecode.swift; path = FB.swift; sourceTree = "<group>"; };
		0C56D90A284874FD0056CF8F /* Library Toggle.swift */ = {isa = PBXFileReference; lastKnownFileType = sourcecode.swift; path = "Library Toggle.swift"; sourceTree = "<group>"; };
		0C56D90D28487F060056CF8F /* History.swift */ = {isa = PBXFileReference; lastKnownFileType = sourcecode.swift; path = History.swift; sourceTree = "<group>"; };
		0C6685FB285FBF0600A61508 /* ChapterManager.swift */ = {isa = PBXFileReference; lastKnownFileType = sourcecode.swift; path = ChapterManager.swift; sourceTree = "<group>"; };
		0C74DA1E28612BCF007B8509 /* CRUDManager.swift */ = {isa = PBXFileReference; lastKnownFileType = sourcecode.swift; path = CRUDManager.swift; sourceTree = "<group>"; };
		0C74DA212862157E007B8509 /* ChapterRow.swift */ = {isa = PBXFileReference; lastKnownFileType = sourcecode.swift; path = ChapterRow.swift; sourceTree = "<group>"; };
		0C8BEC302845B2CC005B9A97 /* LEDGERº.app */ = {isa = PBXFileReference; explicitFileType = wrapper.application; includeInIndex = 0; path = "LEDGERº.app"; sourceTree = BUILT_PRODUCTS_DIR; };
		0C8BEC332845B2CC005B9A97 /* LEDGERºApp.swift */ = {isa = PBXFileReference; lastKnownFileType = sourcecode.swift; path = "LEDGERºApp.swift"; sourceTree = "<group>"; };
		0C8BEC372845B2CE005B9A97 /* Assets.xcassets */ = {isa = PBXFileReference; lastKnownFileType = folder.assetcatalog; path = Assets.xcassets; sourceTree = "<group>"; };
		0C8BEC3A2845B2CE005B9A97 /* Preview Assets.xcassets */ = {isa = PBXFileReference; lastKnownFileType = folder.assetcatalog; path = "Preview Assets.xcassets"; sourceTree = "<group>"; };
		0C8BEC442845B64C005B9A97 /* ChapterModel.swift */ = {isa = PBXFileReference; fileEncoding = 4; lastKnownFileType = sourcecode.swift; path = ChapterModel.swift; sourceTree = "<group>"; };
		0C8BEC472845B64C005B9A97 /* MangaModel.swift */ = {isa = PBXFileReference; fileEncoding = 4; lastKnownFileType = sourcecode.swift; path = MangaModel.swift; sourceTree = "<group>"; };
		0C8BEC482845B64C005B9A97 /* PageModel.swift */ = {isa = PBXFileReference; fileEncoding = 4; lastKnownFileType = sourcecode.swift; path = PageModel.swift; sourceTree = "<group>"; };
		0C8BEC502845B6C4005B9A97 /* CollectionResponse.swift */ = {isa = PBXFileReference; fileEncoding = 4; lastKnownFileType = sourcecode.swift; path = CollectionResponse.swift; sourceTree = "<group>"; };
		0C8BEC522845B6DE005B9A97 /* Browse.swift */ = {isa = PBXFileReference; fileEncoding = 4; lastKnownFileType = sourcecode.swift; path = Browse.swift; sourceTree = "<group>"; };
		0C8BEC532845B6DE005B9A97 /* Image Loader.swift */ = {isa = PBXFileReference; fileEncoding = 4; lastKnownFileType = sourcecode.swift; path = "Image Loader.swift"; sourceTree = "<group>"; };
		0C8BEC542845B6DE005B9A97 /* Reader.swift */ = {isa = PBXFileReference; fileEncoding = 4; lastKnownFileType = sourcecode.swift; path = Reader.swift; sourceTree = "<group>"; };
		0C8BEC552845B6DE005B9A97 /* Profile.swift */ = {isa = PBXFileReference; fileEncoding = 4; lastKnownFileType = sourcecode.swift; path = Profile.swift; sourceTree = "<group>"; };
		0C8BEC562845B6DE005B9A97 /* Image View.swift */ = {isa = PBXFileReference; fileEncoding = 4; lastKnownFileType = sourcecode.swift; path = "Image View.swift"; sourceTree = "<group>"; };
		0C8BEC5C28469118005B9A97 /* Tab Bar.swift */ = {isa = PBXFileReference; lastKnownFileType = sourcecode.swift; path = "Tab Bar.swift"; sourceTree = "<group>"; };
		0C8BEC5E28469BD5005B9A97 /* CustomTabView.swift */ = {isa = PBXFileReference; lastKnownFileType = sourcecode.swift; path = CustomTabView.swift; sourceTree = "<group>"; };
		0C8BEC602846EBAF005B9A97 /* WW.swift */ = {isa = PBXFileReference; lastKnownFileType = sourcecode.swift; path = WW.swift; sourceTree = "<group>"; };
		0C8BEC622847DF76005B9A97 /* Tag View.swift */ = {isa = PBXFileReference; lastKnownFileType = sourcecode.swift; path = "Tag View.swift"; sourceTree = "<group>"; };
		0C8BEC652847E69F005B9A97 /* Description View.swift */ = {isa = PBXFileReference; lastKnownFileType = sourcecode.swift; path = "Description View.swift"; sourceTree = "<group>"; };
		0C8BEC672847EB04005B9A97 /* Button View.swift */ = {isa = PBXFileReference; lastKnownFileType = sourcecode.swift; path = "Button View.swift"; sourceTree = "<group>"; };
		0C8BEC692847EC6C005B9A97 /* ChapterList View.swift */ = {isa = PBXFileReference; lastKnownFileType = sourcecode.swift; path = "ChapterList View.swift"; sourceTree = "<group>"; };
		0C8BEC6B2847EF60005B9A97 /* Info View.swift */ = {isa = PBXFileReference; lastKnownFileType = sourcecode.swift; path = "Info View.swift"; sourceTree = "<group>"; };
		0C91601A284AA8A300B9A7D2 /* Search.swift */ = {isa = PBXFileReference; lastKnownFileType = sourcecode.swift; path = Search.swift; sourceTree = "<group>"; };
		0C9A019E28564412009AC0F6 /* Settings.swift */ = {isa = PBXFileReference; lastKnownFileType = sourcecode.swift; path = Settings.swift; sourceTree = "<group>"; };
		0C9A9838284ACB9B00C6EB18 /* ViewController.swift */ = {isa = PBXFileReference; lastKnownFileType = sourcecode.swift; path = ViewController.swift; sourceTree = "<group>"; };
		0C9A983A284AD35A00C6EB18 /* View.xib */ = {isa = PBXFileReference; lastKnownFileType = file.xib; path = View.xib; sourceTree = "<group>"; };
		0C9A983F284BB04000C6EB18 /* viewMore.swift */ = {isa = PBXFileReference; lastKnownFileType = sourcecode.swift; path = viewMore.swift; sourceTree = "<group>"; };
		0C9A9858284C27D400C6EB18 /* CollectionModel.swift */ = {isa = PBXFileReference; lastKnownFileType = sourcecode.swift; path = CollectionModel.swift; sourceTree = "<group>"; };
		0C9A985A284C280200C6EB18 /* JsonModel.swift */ = {isa = PBXFileReference; lastKnownFileType = sourcecode.swift; path = JsonModel.swift; sourceTree = "<group>"; };
		0C9A985E284D681700C6EB18 /* Real.swift */ = {isa = PBXFileReference; lastKnownFileType = sourcecode.swift; path = Real.swift; sourceTree = "<group>"; };
		0C9A9862284DAC6F00C6EB18 /* ReaderNavBar.swift */ = {isa = PBXFileReference; lastKnownFileType = sourcecode.swift; path = ReaderNavBar.swift; sourceTree = "<group>"; };
		0C9A9864284FF40000C6EB18 /* searchList.swift */ = {isa = PBXFileReference; lastKnownFileType = sourcecode.swift; path = searchList.swift; sourceTree = "<group>"; };
		0CABCDE52896FB7A00ADAB18 /* LEDGERº.entitlements */ = {isa = PBXFileReference; lastKnownFileType = text.plist.entitlements; path = "LEDGERº.entitlements"; sourceTree = "<group>"; };
		0CC81017288F44D300895EB2 /* Chapter+CoreDataClass.swift */ = {isa = PBXFileReference; lastKnownFileType = sourcecode.swift; path = "Chapter+CoreDataClass.swift"; sourceTree = "<group>"; };
		0CC81018288F44D300895EB2 /* Chapter+CoreDataProperties.swift */ = {isa = PBXFileReference; lastKnownFileType = sourcecode.swift; path = "Chapter+CoreDataProperties.swift"; sourceTree = "<group>"; };
		0CD6D51D287F388200930F93 /* viewData.swift */ = {isa = PBXFileReference; lastKnownFileType = sourcecode.swift; path = viewData.swift; sourceTree = "<group>"; };
		0CD6D537288098AB00930F93 /* Manga+CoreDataClass.swift */ = {isa = PBXFileReference; lastKnownFileType = sourcecode.swift; path = "Manga+CoreDataClass.swift"; sourceTree = "<group>"; };
		0CD6D538288098AB00930F93 /* Manga+CoreDataProperties.swift */ = {isa = PBXFileReference; lastKnownFileType = sourcecode.swift; path = "Manga+CoreDataProperties.swift"; sourceTree = "<group>"; };
/* End PBXFileReference section */

/* Begin PBXFrameworksBuildPhase section */
		0C8BEC2D2845B2CC005B9A97 /* Frameworks */ = {
			isa = PBXFrameworksBuildPhase;
			buildActionMask = 2147483647;
			files = (
				0CC81016288E2EB300895EB2 /* Kingfisher in Frameworks */,
				0CC8100F288E2CBB00895EB2 /* SwiftUIPager in Frameworks */,
			);
			runOnlyForDeploymentPostprocessing = 0;
		};
/* End PBXFrameworksBuildPhase section */

/* Begin PBXGroup section */
		0C067A252854EE4600B1C7CB /* Extensions */ = {
			isa = PBXGroup;
			children = (
				0C067A262854EE6900B1C7CB /* Hide.swift */,
			);
			path = Extensions;
			sourceTree = "<group>";
		};
		0C0B7F6D2868E40200B64C6F /* Alerts */ = {
			isa = PBXGroup;
			children = (
				0C0B7F6E2868E41700B64C6F /* SwiftUIView.swift */,
			);
			path = Alerts;
			sourceTree = "<group>";
		};
		0C1428162856FAA800E57F0B /* About */ = {
			isa = PBXGroup;
			children = (
				0C1428172856FACA00E57F0B /* About.swift */,
			);
			path = About;
			sourceTree = "<group>";
		};
		0C14281D2858F90F00E57F0B /* Cache */ = {
			isa = PBXGroup;
			children = (
				0C14281E2859953B00E57F0B /* CacheManager.swift */,
			);
			path = Cache;
			sourceTree = "<group>";
		};
		0C142820285BCA5500E57F0B /* UI Settings */ = {
			isa = PBXGroup;
			children = (
				0C142821285BCA7900E57F0B /* Reader Menu.swift */,
			);
			path = "UI Settings";
			sourceTree = "<group>";
		};
		0C2D333F2852AAE800D1F72C /* Adding */ = {
			isa = PBXGroup;
			children = (
				0C2D333D2852939400D1F72C /* AddView.swift */,
				0C2D33442852C94700D1F72C /* listRow.swift */,
				0C2D33402852AB1500D1F72C /* CollectionObject.swift */,
			);
			path = Adding;
			sourceTree = "<group>";
		};
		0C2D334F2853BC6300D1F72C /* Gestures */ = {
			isa = PBXGroup;
			children = (
				0C2D33502853BC9A00D1F72C /* MagnificationGesture.swift */,
				0C2D33522853D9A700D1F72C /* Photo.swift */,
			);
			path = Gestures;
			sourceTree = "<group>";
		};
		0C56D905284873550056CF8F /* Pages */ = {
			isa = PBXGroup;
			children = (
				0C9A019D285643F6009AC0F6 /* Settings */,
				0C916019284AA85C00B9A7D2 /* Search */,
				0C8BEC642847E64D005B9A97 /* Profile */,
				0C56D9062848738E0056CF8F /* Browse */,
				0C56D907284873AA0056CF8F /* Library */,
			);
			path = Pages;
			sourceTree = "<group>";
		};
		0C56D9062848738E0056CF8F /* Browse */ = {
			isa = PBXGroup;
			children = (
				0C8BEC522845B6DE005B9A97 /* Browse.swift */,
				0CD6D51D287F388200930F93 /* viewData.swift */,
				0C9A983F284BB04000C6EB18 /* viewMore.swift */,
			);
			path = Browse;
			sourceTree = "<group>";
		};
		0C56D907284873AA0056CF8F /* Library */ = {
			isa = PBXGroup;
			children = (
				0C2D33492852D79C00D1F72C /* SlidingTabView.swift */,
				0C56D90C28487EE70056CF8F /* History */,
				0C8BEC5E28469BD5005B9A97 /* CustomTabView.swift */,
				0C56D90A284874FD0056CF8F /* Library Toggle.swift */,
				0C2D334B2852EB7A00D1F72C /* Library.swift */,
			);
			path = Library;
			sourceTree = "<group>";
		};
		0C56D908284873E30056CF8F /* Reader */ = {
			isa = PBXGroup;
			children = (
				0C8BEC602846EBAF005B9A97 /* WW.swift */,
				0C9A985E284D681700C6EB18 /* Real.swift */,
				0C142823285C1CE200E57F0B /* CustomTabPage.swift */,
				0C142820285BCA5500E57F0B /* UI Settings */,
				0C2D334F2853BC6300D1F72C /* Gestures */,
				0C9A9862284DAC6F00C6EB18 /* ReaderNavBar.swift */,
				0C30D9AD28870378005EEF86 /* WebReader.swift */,
				0C37F979289BF2D80034EE2F /* FB.swift */,
			);
			path = Reader;
			sourceTree = "<group>";
		};
		0C56D909284873FC0056CF8F /* Image Cache Services */ = {
			isa = PBXGroup;
			children = (
				0C8BEC562845B6DE005B9A97 /* Image View.swift */,
				0C8BEC532845B6DE005B9A97 /* Image Loader.swift */,
				0C30D9A92883C193005EEF86 /* KF Image.swift */,
			);
			path = "Image Cache Services";
			sourceTree = "<group>";
		};
		0C56D90C28487EE70056CF8F /* History */ = {
			isa = PBXGroup;
			children = (
				0C56D90D28487F060056CF8F /* History.swift */,
				0C0B7F6728689EB800B64C6F /* HistoryRow.swift */,
			);
			path = History;
			sourceTree = "<group>";
		};
		0C74DA2028621550007B8509 /* Chapter List View */ = {
			isa = PBXGroup;
			children = (
				0C8BEC692847EC6C005B9A97 /* ChapterList View.swift */,
				0C74DA212862157E007B8509 /* ChapterRow.swift */,
				0C077FA5288E21790009805C /* BigButton.swift */,
			);
			path = "Chapter List View";
			sourceTree = "<group>";
		};
		0C8BEC272845B2CC005B9A97 = {
			isa = PBXGroup;
			children = (
				0C37F96D289B629A0034EE2F /* Artist+CoreDataClass.swift */,
				0C37F96E289B629A0034EE2F /* Artist+CoreDataProperties.swift */,
				0C37F96F289B629A0034EE2F /* Tag+CoreDataClass.swift */,
				0C37F970289B629A0034EE2F /* Tag+CoreDataProperties.swift */,
				0C37F971289B629A0034EE2F /* Author+CoreDataClass.swift */,
				0C37F972289B629A0034EE2F /* Author+CoreDataProperties.swift */,
				0C37F95D289AD4B80034EE2F /* Backup+CoreDataClass.swift */,
				0C37F95E289AD4B80034EE2F /* Backup+CoreDataProperties.swift */,
				0C37F94B289867130034EE2F /* History+CoreDataClass.swift */,
				0C37F94C289867130034EE2F /* History+CoreDataProperties.swift */,
				0CC81017288F44D300895EB2 /* Chapter+CoreDataClass.swift */,
				0CC81018288F44D300895EB2 /* Chapter+CoreDataProperties.swift */,
				0CD6D537288098AB00930F93 /* Manga+CoreDataClass.swift */,
				0CD6D538288098AB00930F93 /* Manga+CoreDataProperties.swift */,
				0C164A3828660D7F00416B03 /* Lib+CoreDataClass.swift */,
				0C164A3928660D7F00416B03 /* Lib+CoreDataProperties.swift */,
				0C8BEC322845B2CC005B9A97 /* LEDGERº */,
				0C8BEC312845B2CC005B9A97 /* Products */,
			);
			sourceTree = "<group>";
		};
		0C8BEC312845B2CC005B9A97 /* Products */ = {
			isa = PBXGroup;
			children = (
				0C8BEC302845B2CC005B9A97 /* LEDGERº.app */,
			);
			name = Products;
			sourceTree = "<group>";
		};
		0C8BEC322845B2CC005B9A97 /* LEDGERº */ = {
			isa = PBXGroup;
			children = (
				0CABCDE52896FB7A00ADAB18 /* LEDGERº.entitlements */,
				0C9A983C284BA4EF00C6EB18 /* Backend Services */,
				0C56D905284873550056CF8F /* Pages */,
				0C8BEC332845B2CC005B9A97 /* LEDGERºApp.swift */,
				0C8BEC5C28469118005B9A97 /* Tab Bar.swift */,
				0C067A252854EE4600B1C7CB /* Extensions */,
				0C9A9838284ACB9B00C6EB18 /* ViewController.swift */,
				0C9A983A284AD35A00C6EB18 /* View.xib */,
				0C8BEC542845B6DE005B9A97 /* Reader.swift */,
				0C2D33562854123800D1F72C /* Color Theme.swift */,
				0C8BEC372845B2CE005B9A97 /* Assets.xcassets */,
				0C8BEC392845B2CE005B9A97 /* Preview Content */,
			);
			path = "LEDGERº";
			sourceTree = "<group>";
		};
		0C8BEC392845B2CE005B9A97 /* Preview Content */ = {
			isa = PBXGroup;
			children = (
				0C8BEC3A2845B2CE005B9A97 /* Preview Assets.xcassets */,
			);
			path = "Preview Content";
			sourceTree = "<group>";
		};
		0C8BEC412845B536005B9A97 /* API Services */ = {
			isa = PBXGroup;
			children = (
				0C8BEC432845B57B005B9A97 /* Methods */,
				0C8BEC422845B547005B9A97 /* Models */,
			);
			path = "API Services";
			sourceTree = "<group>";
		};
		0C8BEC422845B547005B9A97 /* Models */ = {
			isa = PBXGroup;
			children = (
				0C8BEC442845B64C005B9A97 /* ChapterModel.swift */,
				0C8BEC472845B64C005B9A97 /* MangaModel.swift */,
				0C8BEC482845B64C005B9A97 /* PageModel.swift */,
				0C9A9858284C27D400C6EB18 /* CollectionModel.swift */,
				0C9A985A284C280200C6EB18 /* JsonModel.swift */,
				0C37F95B289ABD7E0034EE2F /* BackupModel.swift */,
			);
			path = Models;
			sourceTree = "<group>";
		};
		0C8BEC432845B57B005B9A97 /* Methods */ = {
			isa = PBXGroup;
			children = (
				0C8BEC502845B6C4005B9A97 /* CollectionResponse.swift */,
			);
			path = Methods;
			sourceTree = "<group>";
		};
		0C8BEC642847E64D005B9A97 /* Profile */ = {
			isa = PBXGroup;
			children = (
				0C56D908284873E30056CF8F /* Reader */,
				0C8BEC552845B6DE005B9A97 /* Profile.swift */,
				0C8BEC622847DF76005B9A97 /* Tag View.swift */,
				0C8BEC652847E69F005B9A97 /* Description View.swift */,
				0C8BEC672847EB04005B9A97 /* Button View.swift */,
				0C0B7F7C286B725E00B64C6F /* Bookmarks.swift */,
				0C74DA2028621550007B8509 /* Chapter List View */,
				0C8BEC6B2847EF60005B9A97 /* Info View.swift */,
				0C2D333F2852AAE800D1F72C /* Adding */,
			);
			path = Profile;
			sourceTree = "<group>";
		};
		0C91601428494A8200B9A7D2 /* Data Manager */ = {
			isa = PBXGroup;
			children = (
				0C142825285C32C600E57F0B /* Ledger.xcdatamodeld */,
				0C14282C285D3D6600E57F0B /* MangaManager.swift */,
				0C6685FB285FBF0600A61508 /* ChapterManager.swift */,
				0C74DA1E28612BCF007B8509 /* CRUDManager.swift */,
			);
			path = "Data Manager";
			sourceTree = "<group>";
		};
		0C916019284AA85C00B9A7D2 /* Search */ = {
			isa = PBXGroup;
			children = (
				0C91601A284AA8A300B9A7D2 /* Search.swift */,
				0C9A9864284FF40000C6EB18 /* searchList.swift */,
			);
			path = Search;
			sourceTree = "<group>";
		};
		0C9A019D285643F6009AC0F6 /* Settings */ = {
			isa = PBXGroup;
			children = (
				0C9A019E28564412009AC0F6 /* Settings.swift */,
				0C0B7F6D2868E40200B64C6F /* Alerts */,
				0C1428162856FAA800E57F0B /* About */,
				0C1428192857810400E57F0B /* buttonRow.swift */,
			);
			path = Settings;
			sourceTree = "<group>";
		};
		0C9A983C284BA4EF00C6EB18 /* Backend Services */ = {
			isa = PBXGroup;
			children = (
				0C14281D2858F90F00E57F0B /* Cache */,
				0C8BEC412845B536005B9A97 /* API Services */,
				0C56D909284873FC0056CF8F /* Image Cache Services */,
				0C91601428494A8200B9A7D2 /* Data Manager */,
			);
			path = "Backend Services";
			sourceTree = "<group>";
		};
/* End PBXGroup section */

/* Begin PBXNativeTarget section */
		0C8BEC2F2845B2CC005B9A97 /* LEDGERº */ = {
			isa = PBXNativeTarget;
			buildConfigurationList = 0C8BEC3E2845B2CE005B9A97 /* Build configuration list for PBXNativeTarget "LEDGERº" */;
			buildPhases = (
				0C8BEC2C2845B2CC005B9A97 /* Sources */,
				0C8BEC2D2845B2CC005B9A97 /* Frameworks */,
				0C8BEC2E2845B2CC005B9A97 /* Resources */,
			);
			buildRules = (
			);
			dependencies = (
			);
			name = "LEDGERº";
			packageProductDependencies = (
				0CC8100E288E2CBB00895EB2 /* SwiftUIPager */,
				0CC81015288E2EB300895EB2 /* Kingfisher */,
			);
			productName = "Ledger 0.1.2";
			productReference = 0C8BEC302845B2CC005B9A97 /* LEDGERº.app */;
			productType = "com.apple.product-type.application";
		};
/* End PBXNativeTarget section */

/* Begin PBXProject section */
		0C8BEC282845B2CC005B9A97 /* Project object */ = {
			isa = PBXProject;
			attributes = {
				BuildIndependentTargetsInParallel = 1;
				LastSwiftUpdateCheck = 1330;
				LastUpgradeCheck = 1330;
				TargetAttributes = {
					0C8BEC2F2845B2CC005B9A97 = {
						CreatedOnToolsVersion = 13.3.1;
					};
				};
			};
			buildConfigurationList = 0C8BEC2B2845B2CC005B9A97 /* Build configuration list for PBXProject "LEDGERº" */;
			compatibilityVersion = "Xcode 13.0";
			developmentRegion = en;
			hasScannedForEncodings = 0;
			knownRegions = (
				en,
				Base,
			);
			mainGroup = 0C8BEC272845B2CC005B9A97;
			packageReferences = (
				0C2D33462852D2A800D1F72C /* XCRemoteSwiftPackageReference "SlidingTabView" */,
				0CC8100A288E2C2500895EB2 /* XCRemoteSwiftPackageReference "Kingfisher" */,
				0CC8100D288E2CBB00895EB2 /* XCRemoteSwiftPackageReference "SwiftUIPager" */,
				0CC81013288E2D3200895EB2 /* XCRemoteSwiftPackageReference "SwiftUIX" */,
				0CC81014288E2EB300895EB2 /* XCRemoteSwiftPackageReference "Kingfisher" */,
			);
			productRefGroup = 0C8BEC312845B2CC005B9A97 /* Products */;
			projectDirPath = "";
			projectRoot = "";
			targets = (
				0C8BEC2F2845B2CC005B9A97 /* LEDGERº */,
			);
		};
/* End PBXProject section */

/* Begin PBXResourcesBuildPhase section */
		0C8BEC2E2845B2CC005B9A97 /* Resources */ = {
			isa = PBXResourcesBuildPhase;
			buildActionMask = 2147483647;
			files = (
				0C8BEC3B2845B2CE005B9A97 /* Preview Assets.xcassets in Resources */,
				0C9A983B284AD35A00C6EB18 /* View.xib in Resources */,
				0C8BEC382845B2CE005B9A97 /* Assets.xcassets in Resources */,
			);
			runOnlyForDeploymentPostprocessing = 0;
		};
/* End PBXResourcesBuildPhase section */

/* Begin PBXSourcesBuildPhase section */
		0C8BEC2C2845B2CC005B9A97 /* Sources */ = {
			isa = PBXSourcesBuildPhase;
			buildActionMask = 2147483647;
			files = (
				0C0B7F6828689EB800B64C6F /* HistoryRow.swift in Sources */,
				0C2D33532853D9A700D1F72C /* Photo.swift in Sources */,
				0C74DA1F28612BCF007B8509 /* CRUDManager.swift in Sources */,
				0C2D33452852C94700D1F72C /* listRow.swift in Sources */,
				0C9A9839284ACB9B00C6EB18 /* ViewController.swift in Sources */,
				0C164A3B28660D7F00416B03 /* Lib+CoreDataProperties.swift in Sources */,
				0C8BEC582845B6DE005B9A97 /* Image Loader.swift in Sources */,
				0C2D334A2852D79C00D1F72C /* SlidingTabView.swift in Sources */,
				0C74DA222862157E007B8509 /* ChapterRow.swift in Sources */,
				0C8BEC612846EBAF005B9A97 /* WW.swift in Sources */,
				0C8BEC5A2845B6DE005B9A97 /* Profile.swift in Sources */,
				0C164A3A28660D7F00416B03 /* Lib+CoreDataClass.swift in Sources */,
				0C37F94D289867130034EE2F /* History+CoreDataClass.swift in Sources */,
				0C37F975289B629A0034EE2F /* Tag+CoreDataClass.swift in Sources */,
				0C9A9859284C27D400C6EB18 /* CollectionModel.swift in Sources */,
				0CC81019288F44D300895EB2 /* Chapter+CoreDataClass.swift in Sources */,
				0C37F977289B629A0034EE2F /* Author+CoreDataClass.swift in Sources */,
				0C9A019F28564412009AC0F6 /* Settings.swift in Sources */,
				0C2D33572854123800D1F72C /* Color Theme.swift in Sources */,
				0CC8101A288F44D300895EB2 /* Chapter+CoreDataProperties.swift in Sources */,
				0C8BEC5F28469BD6005B9A97 /* CustomTabView.swift in Sources */,
				0C142822285BCA7900E57F0B /* Reader Menu.swift in Sources */,
				0C8BEC4E2845B64C005B9A97 /* PageModel.swift in Sources */,
				0C067A272854EE6900B1C7CB /* Hide.swift in Sources */,
				0C8BEC632847DF77005B9A97 /* Tag View.swift in Sources */,
				0C8BEC5B2845B6DE005B9A97 /* Image View.swift in Sources */,
				0C30D9AA2883C193005EEF86 /* KF Image.swift in Sources */,
				0C14281F2859953B00E57F0B /* CacheManager.swift in Sources */,
				0C9A9840284BB04000C6EB18 /* viewMore.swift in Sources */,
				0C9A9865284FF40000C6EB18 /* searchList.swift in Sources */,
				0C9A985B284C280200C6EB18 /* JsonModel.swift in Sources */,
				0C077FA6288E21790009805C /* BigButton.swift in Sources */,
				0C14281A2857810400E57F0B /* buttonRow.swift in Sources */,
				0C30D9AE28870378005EEF86 /* WebReader.swift in Sources */,
				0C8BEC572845B6DE005B9A97 /* Browse.swift in Sources */,
				0C8BEC662847E69F005B9A97 /* Description View.swift in Sources */,
				0C2D33412852AB1500D1F72C /* CollectionObject.swift in Sources */,
				0C2D333E2852939400D1F72C /* AddView.swift in Sources */,
				0CD6D53A288098AB00930F93 /* Manga+CoreDataProperties.swift in Sources */,
				0C2D33512853BC9A00D1F72C /* MagnificationGesture.swift in Sources */,
				0C2D334C2852EB7A00D1F72C /* Library.swift in Sources */,
				0C37F973289B629A0034EE2F /* Artist+CoreDataClass.swift in Sources */,
				0C8BEC6A2847EC6C005B9A97 /* ChapterList View.swift in Sources */,
				0C56D90B284874FD0056CF8F /* Library Toggle.swift in Sources */,
				0C14282D285D3D6600E57F0B /* MangaManager.swift in Sources */,
				0C142824285C1CE200E57F0B /* CustomTabPage.swift in Sources */,
				0C9A9863284DAC7000C6EB18 /* ReaderNavBar.swift in Sources */,
				0C37F976289B629A0034EE2F /* Tag+CoreDataProperties.swift in Sources */,
				0C56D90E28487F060056CF8F /* History.swift in Sources */,
				0C142827285C32C700E57F0B /* Ledger.xcdatamodeld in Sources */,
				0C8BEC592845B6DE005B9A97 /* Reader.swift in Sources */,
				0C8BEC5D28469118005B9A97 /* Tab Bar.swift in Sources */,
				0C37F97A289BF2D90034EE2F /* FB.swift in Sources */,
				0C37F94E289867130034EE2F /* History+CoreDataProperties.swift in Sources */,
				0C8BEC4D2845B64C005B9A97 /* MangaModel.swift in Sources */,
				0C0B7F7D286B725E00B64C6F /* Bookmarks.swift in Sources */,
				0C37F974289B629A0034EE2F /* Artist+CoreDataProperties.swift in Sources */,
				0C37F978289B629A0034EE2F /* Author+CoreDataProperties.swift in Sources */,
				0C37F960289AD4B90034EE2F /* Backup+CoreDataProperties.swift in Sources */,
				0C6685FC285FBF0600A61508 /* ChapterManager.swift in Sources */,
				0C1428182856FACA00E57F0B /* About.swift in Sources */,
				0C0B7F6F2868E41700B64C6F /* SwiftUIView.swift in Sources */,
				0C8BEC6C2847EF60005B9A97 /* Info View.swift in Sources */,
				0C8BEC512845B6C4005B9A97 /* CollectionResponse.swift in Sources */,
				0C8BEC682847EB04005B9A97 /* Button View.swift in Sources */,
				0CD6D51E287F388200930F93 /* viewData.swift in Sources */,
				0C91601B284AA8A300B9A7D2 /* Search.swift in Sources */,
				0C37F95C289ABD7F0034EE2F /* BackupModel.swift in Sources */,
				0CD6D539288098AB00930F93 /* Manga+CoreDataClass.swift in Sources */,
				0C9A985F284D681700C6EB18 /* Real.swift in Sources */,
				0C37F95F289AD4B90034EE2F /* Backup+CoreDataClass.swift in Sources */,
				0C8BEC4A2845B64C005B9A97 /* ChapterModel.swift in Sources */,
				0C8BEC342845B2CC005B9A97 /* LEDGERºApp.swift in Sources */,
			);
			runOnlyForDeploymentPostprocessing = 0;
		};
/* End PBXSourcesBuildPhase section */

/* Begin XCBuildConfiguration section */
		0C8BEC3C2845B2CE005B9A97 /* Debug */ = {
			isa = XCBuildConfiguration;
			buildSettings = {
				ALWAYS_SEARCH_USER_PATHS = NO;
				CLANG_ANALYZER_NONNULL = YES;
				CLANG_ANALYZER_NUMBER_OBJECT_CONVERSION = YES_AGGRESSIVE;
				CLANG_CXX_LANGUAGE_STANDARD = "gnu++17";
				CLANG_ENABLE_MODULES = YES;
				CLANG_ENABLE_OBJC_ARC = YES;
				CLANG_ENABLE_OBJC_WEAK = YES;
				CLANG_WARN_BLOCK_CAPTURE_AUTORELEASING = YES;
				CLANG_WARN_BOOL_CONVERSION = YES;
				CLANG_WARN_COMMA = YES;
				CLANG_WARN_CONSTANT_CONVERSION = YES;
				CLANG_WARN_DEPRECATED_OBJC_IMPLEMENTATIONS = YES;
				CLANG_WARN_DIRECT_OBJC_ISA_USAGE = YES_ERROR;
				CLANG_WARN_DOCUMENTATION_COMMENTS = YES;
				CLANG_WARN_EMPTY_BODY = YES;
				CLANG_WARN_ENUM_CONVERSION = YES;
				CLANG_WARN_INFINITE_RECURSION = YES;
				CLANG_WARN_INT_CONVERSION = YES;
				CLANG_WARN_NON_LITERAL_NULL_CONVERSION = YES;
				CLANG_WARN_OBJC_IMPLICIT_RETAIN_SELF = YES;
				CLANG_WARN_OBJC_LITERAL_CONVERSION = YES;
				CLANG_WARN_OBJC_ROOT_CLASS = YES_ERROR;
				CLANG_WARN_QUOTED_INCLUDE_IN_FRAMEWORK_HEADER = YES;
				CLANG_WARN_RANGE_LOOP_ANALYSIS = YES;
				CLANG_WARN_STRICT_PROTOTYPES = YES;
				CLANG_WARN_SUSPICIOUS_MOVE = YES;
				CLANG_WARN_UNGUARDED_AVAILABILITY = YES_AGGRESSIVE;
				CLANG_WARN_UNREACHABLE_CODE = YES;
				CLANG_WARN__DUPLICATE_METHOD_MATCH = YES;
				COPY_PHASE_STRIP = NO;
				DEBUG_INFORMATION_FORMAT = dwarf;
				ENABLE_STRICT_OBJC_MSGSEND = YES;
				ENABLE_TESTABILITY = YES;
				GCC_C_LANGUAGE_STANDARD = gnu11;
				GCC_DYNAMIC_NO_PIC = NO;
				GCC_NO_COMMON_BLOCKS = YES;
				GCC_OPTIMIZATION_LEVEL = 0;
				GCC_PREPROCESSOR_DEFINITIONS = (
					"DEBUG=1",
					"$(inherited)",
				);
				GCC_WARN_64_TO_32_BIT_CONVERSION = YES;
				GCC_WARN_ABOUT_RETURN_TYPE = YES_ERROR;
				GCC_WARN_UNDECLARED_SELECTOR = YES;
				GCC_WARN_UNINITIALIZED_AUTOS = YES_AGGRESSIVE;
				GCC_WARN_UNUSED_FUNCTION = YES;
				GCC_WARN_UNUSED_VARIABLE = YES;
				IPHONEOS_DEPLOYMENT_TARGET = 15.0;
				MTL_ENABLE_DEBUG_INFO = INCLUDE_SOURCE;
				MTL_FAST_MATH = YES;
				ONLY_ACTIVE_ARCH = YES;
				SDKROOT = iphoneos;
				SWIFT_ACTIVE_COMPILATION_CONDITIONS = DEBUG;
				SWIFT_OPTIMIZATION_LEVEL = "-Onone";
			};
			name = Debug;
		};
		0C8BEC3D2845B2CE005B9A97 /* Release */ = {
			isa = XCBuildConfiguration;
			buildSettings = {
				ALWAYS_SEARCH_USER_PATHS = NO;
				CLANG_ANALYZER_NONNULL = YES;
				CLANG_ANALYZER_NUMBER_OBJECT_CONVERSION = YES_AGGRESSIVE;
				CLANG_CXX_LANGUAGE_STANDARD = "gnu++17";
				CLANG_ENABLE_MODULES = YES;
				CLANG_ENABLE_OBJC_ARC = YES;
				CLANG_ENABLE_OBJC_WEAK = YES;
				CLANG_WARN_BLOCK_CAPTURE_AUTORELEASING = YES;
				CLANG_WARN_BOOL_CONVERSION = YES;
				CLANG_WARN_COMMA = YES;
				CLANG_WARN_CONSTANT_CONVERSION = YES;
				CLANG_WARN_DEPRECATED_OBJC_IMPLEMENTATIONS = YES;
				CLANG_WARN_DIRECT_OBJC_ISA_USAGE = YES_ERROR;
				CLANG_WARN_DOCUMENTATION_COMMENTS = YES;
				CLANG_WARN_EMPTY_BODY = YES;
				CLANG_WARN_ENUM_CONVERSION = YES;
				CLANG_WARN_INFINITE_RECURSION = YES;
				CLANG_WARN_INT_CONVERSION = YES;
				CLANG_WARN_NON_LITERAL_NULL_CONVERSION = YES;
				CLANG_WARN_OBJC_IMPLICIT_RETAIN_SELF = YES;
				CLANG_WARN_OBJC_LITERAL_CONVERSION = YES;
				CLANG_WARN_OBJC_ROOT_CLASS = YES_ERROR;
				CLANG_WARN_QUOTED_INCLUDE_IN_FRAMEWORK_HEADER = YES;
				CLANG_WARN_RANGE_LOOP_ANALYSIS = YES;
				CLANG_WARN_STRICT_PROTOTYPES = YES;
				CLANG_WARN_SUSPICIOUS_MOVE = YES;
				CLANG_WARN_UNGUARDED_AVAILABILITY = YES_AGGRESSIVE;
				CLANG_WARN_UNREACHABLE_CODE = YES;
				CLANG_WARN__DUPLICATE_METHOD_MATCH = YES;
				COPY_PHASE_STRIP = NO;
				DEBUG_INFORMATION_FORMAT = "dwarf-with-dsym";
				ENABLE_NS_ASSERTIONS = NO;
				ENABLE_STRICT_OBJC_MSGSEND = YES;
				GCC_C_LANGUAGE_STANDARD = gnu11;
				GCC_NO_COMMON_BLOCKS = YES;
				GCC_WARN_64_TO_32_BIT_CONVERSION = YES;
				GCC_WARN_ABOUT_RETURN_TYPE = YES_ERROR;
				GCC_WARN_UNDECLARED_SELECTOR = YES;
				GCC_WARN_UNINITIALIZED_AUTOS = YES_AGGRESSIVE;
				GCC_WARN_UNUSED_FUNCTION = YES;
				GCC_WARN_UNUSED_VARIABLE = YES;
				IPHONEOS_DEPLOYMENT_TARGET = 15.0;
				MTL_ENABLE_DEBUG_INFO = NO;
				MTL_FAST_MATH = YES;
				SDKROOT = iphoneos;
				SWIFT_COMPILATION_MODE = wholemodule;
				SWIFT_OPTIMIZATION_LEVEL = "-O";
				VALIDATE_PRODUCT = YES;
			};
			name = Release;
		};
		0C8BEC3F2845B2CE005B9A97 /* Debug */ = {
			isa = XCBuildConfiguration;
			buildSettings = {
				ASSETCATALOG_COMPILER_APPICON_NAME = "AppIcon-Dark";
				ASSETCATALOG_COMPILER_GLOBAL_ACCENT_COLOR_NAME = AccentColor;
				ASSETCATALOG_COMPILER_INCLUDE_ALL_APPICON_ASSETS = YES;
				CLANG_USE_OPTIMIZATION_PROFILE = YES;
				CODE_SIGN_ENTITLEMENTS = "LEDGERº/LEDGERº.entitlements";
				CODE_SIGN_STYLE = Automatic;
				CURRENT_PROJECT_VERSION = 1;
				DEVELOPMENT_ASSET_PATHS = "";
				DEVELOPMENT_TEAM = X3392H7G44;
				ENABLE_PREVIEWS = YES;
				GENERATE_INFOPLIST_FILE = YES;
				INFOPLIST_FILE = "Ledger-0-1-2-Info.plist";
				INFOPLIST_KEY_CFBundleDisplayName = "LEDGERº";
				INFOPLIST_KEY_LSApplicationCategoryType = "public.app-category.entertainment";
				INFOPLIST_KEY_NSPhotoLibraryAddUsageDescription = "LEDGERº wants to save the photo.";
				INFOPLIST_KEY_UIApplicationSceneManifest_Generation = YES;
				INFOPLIST_KEY_UIApplicationSupportsIndirectInputEvents = YES;
				INFOPLIST_KEY_UILaunchScreen_Generation = YES;
				INFOPLIST_KEY_UIRequiresFullScreen = YES;
				INFOPLIST_KEY_UIStatusBarHidden = NO;
				INFOPLIST_KEY_UISupportedInterfaceOrientations = "";
				INFOPLIST_KEY_UISupportedInterfaceOrientations_iPhone = UIInterfaceOrientationPortrait;
				IPHONEOS_DEPLOYMENT_TARGET = 15.0;
				LD_RUNPATH_SEARCH_PATHS = (
					"$(inherited)",
					"@executable_path/Frameworks",
				);
				MARKETING_VERSION = 1.3;
				PRODUCT_BUNDLE_IDENTIFIER = "Aurum.LEDGER-";
				PRODUCT_NAME = "$(TARGET_NAME)";
				SUPPORTED_PLATFORMS = "iphoneos iphonesimulator";
				SUPPORTS_MACCATALYST = NO;
				SUPPORTS_MAC_DESIGNED_FOR_IPHONE_IPAD = YES;
				SWIFT_EMIT_LOC_STRINGS = YES;
				SWIFT_VERSION = 5.0;
				TARGETED_DEVICE_FAMILY = "1,2";
			};
			name = Debug;
		};
		0C8BEC402845B2CE005B9A97 /* Release */ = {
			isa = XCBuildConfiguration;
			buildSettings = {
				ASSETCATALOG_COMPILER_APPICON_NAME = "AppIcon-Dark";
				ASSETCATALOG_COMPILER_GLOBAL_ACCENT_COLOR_NAME = AccentColor;
				ASSETCATALOG_COMPILER_INCLUDE_ALL_APPICON_ASSETS = YES;
				CLANG_USE_OPTIMIZATION_PROFILE = YES;
				CODE_SIGN_ENTITLEMENTS = "LEDGERº/LEDGERº.entitlements";
				CODE_SIGN_STYLE = Automatic;
				CURRENT_PROJECT_VERSION = 1;
				DEVELOPMENT_ASSET_PATHS = "";
				DEVELOPMENT_TEAM = X3392H7G44;
				ENABLE_PREVIEWS = YES;
				GENERATE_INFOPLIST_FILE = YES;
				INFOPLIST_FILE = "Ledger-0-1-2-Info.plist";
				INFOPLIST_KEY_CFBundleDisplayName = "LEDGERº";
				INFOPLIST_KEY_LSApplicationCategoryType = "public.app-category.entertainment";
				INFOPLIST_KEY_NSPhotoLibraryAddUsageDescription = "LEDGERº wants to save the photo.";
				INFOPLIST_KEY_UIApplicationSceneManifest_Generation = YES;
				INFOPLIST_KEY_UIApplicationSupportsIndirectInputEvents = YES;
				INFOPLIST_KEY_UILaunchScreen_Generation = YES;
				INFOPLIST_KEY_UIRequiresFullScreen = YES;
				INFOPLIST_KEY_UIStatusBarHidden = NO;
				INFOPLIST_KEY_UISupportedInterfaceOrientations = "";
				INFOPLIST_KEY_UISupportedInterfaceOrientations_iPhone = UIInterfaceOrientationPortrait;
				IPHONEOS_DEPLOYMENT_TARGET = 15.0;
				LD_RUNPATH_SEARCH_PATHS = (
					"$(inherited)",
					"@executable_path/Frameworks",
				);
				MARKETING_VERSION = 1.3;
				PRODUCT_BUNDLE_IDENTIFIER = "Aurum.LEDGER-";
				PRODUCT_NAME = "$(TARGET_NAME)";
				SUPPORTED_PLATFORMS = "iphoneos iphonesimulator";
				SUPPORTS_MACCATALYST = NO;
				SUPPORTS_MAC_DESIGNED_FOR_IPHONE_IPAD = YES;
				SWIFT_EMIT_LOC_STRINGS = YES;
				SWIFT_VERSION = 5.0;
				TARGETED_DEVICE_FAMILY = "1,2";
			};
			name = Release;
		};
/* End XCBuildConfiguration section */

/* Begin XCConfigurationList section */
		0C8BEC2B2845B2CC005B9A97 /* Build configuration list for PBXProject "LEDGERº" */ = {
			isa = XCConfigurationList;
			buildConfigurations = (
				0C8BEC3C2845B2CE005B9A97 /* Debug */,
				0C8BEC3D2845B2CE005B9A97 /* Release */,
			);
			defaultConfigurationIsVisible = 0;
			defaultConfigurationName = Release;
		};
		0C8BEC3E2845B2CE005B9A97 /* Build configuration list for PBXNativeTarget "LEDGERº" */ = {
			isa = XCConfigurationList;
			buildConfigurations = (
				0C8BEC3F2845B2CE005B9A97 /* Debug */,
				0C8BEC402845B2CE005B9A97 /* Release */,
			);
			defaultConfigurationIsVisible = 0;
			defaultConfigurationName = Release;
		};
/* End XCConfigurationList section */

/* Begin XCRemoteSwiftPackageReference section */
		0C2D33462852D2A800D1F72C /* XCRemoteSwiftPackageReference "SlidingTabView" */ = {
			isa = XCRemoteSwiftPackageReference;
			repositoryURL = "https://github.com/QuynhNguyen/SlidingTabView";
			requirement = {
				kind = upToNextMajorVersion;
				minimumVersion = 1.0.0;
			};
		};
		0CC8100A288E2C2500895EB2 /* XCRemoteSwiftPackageReference "Kingfisher" */ = {
			isa = XCRemoteSwiftPackageReference;
			repositoryURL = "https://github.com/onevcat/Kingfisher.git";
			requirement = {
				kind = upToNextMajorVersion;
				minimumVersion = 7.0.0;
			};
		};
		0CC8100D288E2CBB00895EB2 /* XCRemoteSwiftPackageReference "SwiftUIPager" */ = {
			isa = XCRemoteSwiftPackageReference;
			repositoryURL = "https://github.com/fermoya/SwiftUIPager.git";
			requirement = {
				kind = upToNextMajorVersion;
				minimumVersion = 2.0.0;
			};
		};
		0CC81013288E2D3200895EB2 /* XCRemoteSwiftPackageReference "SwiftUIX" */ = {
			isa = XCRemoteSwiftPackageReference;
			repositoryURL = "https://github.com/SwiftUIX/SwiftUIX";
			requirement = {
				kind = upToNextMajorVersion;
				minimumVersion = 0.1.2;
			};
		};
		0CC81014288E2EB300895EB2 /* XCRemoteSwiftPackageReference "Kingfisher" */ = {
			isa = XCRemoteSwiftPackageReference;
			repositoryURL = "https://github.com/onevcat/Kingfisher.git";
			requirement = {
				kind = upToNextMajorVersion;
				minimumVersion = 7.0.0;
			};
		};
/* End XCRemoteSwiftPackageReference section */

/* Begin XCSwiftPackageProductDependency section */
		0CC8100E288E2CBB00895EB2 /* SwiftUIPager */ = {
			isa = XCSwiftPackageProductDependency;
			package = 0CC8100D288E2CBB00895EB2 /* XCRemoteSwiftPackageReference "SwiftUIPager" */;
			productName = SwiftUIPager;
		};
		0CC81015288E2EB300895EB2 /* Kingfisher */ = {
			isa = XCSwiftPackageProductDependency;
			package = 0CC8100A288E2C2500895EB2 /* XCRemoteSwiftPackageReference "Kingfisher" */;
			productName = Kingfisher;
		};
/* End XCSwiftPackageProductDependency section */

/* Begin XCVersionGroup section */
		0C142825285C32C600E57F0B /* Ledger.xcdatamodeld */ = {
			isa = XCVersionGroup;
			children = (
				0C164A1B28654E5400416B03 /* Manga 2.xcdatamodel */,
				0C142826285C32C700E57F0B /* Manga.xcdatamodel */,
			);
			currentVersion = 0C142826285C32C700E57F0B /* Manga.xcdatamodel */;
			path = Ledger.xcdatamodeld;
			sourceTree = "<group>";
			versionGroupType = wrapper.xcdatamodel;
		};
/* End XCVersionGroup section */
	};
	rootObject = 0C8BEC282845B2CC005B9A97 /* Project object */;
}
